// !$*UTF8*$!
{
	archiveVersion = 1;
	classes = {
	};
	objectVersion = 46;
	objects = {

/* Begin PBXBuildFile section */
		3329DB0D9D9D1A11CF4A94AD /* Pods_Tip_Calculator.framework in Frameworks */ = {isa = PBXBuildFile; fileRef = 57D30B00E93B4722A4B34F4D /* Pods_Tip_Calculator.framework */; };
		89C665781DF48F080013D2B6 /* AppDelegate.swift in Sources */ = {isa = PBXBuildFile; fileRef = 89C665771DF48F080013D2B6 /* AppDelegate.swift */; };
		89C6657A1DF48F080013D2B6 /* ViewController.swift in Sources */ = {isa = PBXBuildFile; fileRef = 89C665791DF48F080013D2B6 /* ViewController.swift */; };
		89C6657D1DF48F080013D2B6 /* Main.storyboard in Resources */ = {isa = PBXBuildFile; fileRef = 89C6657B1DF48F080013D2B6 /* Main.storyboard */; };
		89C665801DF48F080013D2B6 /* Tip_Calculator.xcdatamodeld in Sources */ = {isa = PBXBuildFile; fileRef = 89C6657E1DF48F080013D2B6 /* Tip_Calculator.xcdatamodeld */; };
		89C665821DF48F080013D2B6 /* Assets.xcassets in Resources */ = {isa = PBXBuildFile; fileRef = 89C665811DF48F080013D2B6 /* Assets.xcassets */; };
		89C665851DF48F080013D2B6 /* LaunchScreen.storyboard in Resources */ = {isa = PBXBuildFile; fileRef = 89C665831DF48F080013D2B6 /* LaunchScreen.storyboard */; };
		89C6658D1DF494600013D2B6 /* TTSegmentedControl.swift in Sources */ = {isa = PBXBuildFile; fileRef = 89C6658C1DF4945F0013D2B6 /* TTSegmentedControl.swift */; };
		89C6658F1DF4B44B0013D2B6 /* SettingsViewController.swift in Sources */ = {isa = PBXBuildFile; fileRef = 89C6658E1DF4B44B0013D2B6 /* SettingsViewController.swift */; };
/* End PBXBuildFile section */

/* Begin PBXFileReference section */
		57D30B00E93B4722A4B34F4D /* Pods_Tip_Calculator.framework */ = {isa = PBXFileReference; explicitFileType = wrapper.framework; includeInIndex = 0; path = Pods_Tip_Calculator.framework; sourceTree = BUILT_PRODUCTS_DIR; };
		89C665741DF48F080013D2B6 /* Tip Calculator.app */ = {isa = PBXFileReference; explicitFileType = wrapper.application; includeInIndex = 0; path = "Tip Calculator.app"; sourceTree = BUILT_PRODUCTS_DIR; };
		89C665771DF48F080013D2B6 /* AppDelegate.swift */ = {isa = PBXFileReference; lastKnownFileType = sourcecode.swift; path = AppDelegate.swift; sourceTree = "<group>"; };
		89C665791DF48F080013D2B6 /* ViewController.swift */ = {isa = PBXFileReference; lastKnownFileType = sourcecode.swift; path = ViewController.swift; sourceTree = "<group>"; };
		89C6657C1DF48F080013D2B6 /* Base */ = {isa = PBXFileReference; lastKnownFileType = file.storyboard; name = Base; path = Base.lproj/Main.storyboard; sourceTree = "<group>"; };
		89C6657F1DF48F080013D2B6 /* Tip_Calculator.xcdatamodel */ = {isa = PBXFileReference; lastKnownFileType = wrapper.xcdatamodel; path = Tip_Calculator.xcdatamodel; sourceTree = "<group>"; };
		89C665811DF48F080013D2B6 /* Assets.xcassets */ = {isa = PBXFileReference; lastKnownFileType = folder.assetcatalog; path = Assets.xcassets; sourceTree = "<group>"; };
		89C665841DF48F080013D2B6 /* Base */ = {isa = PBXFileReference; lastKnownFileType = file.storyboard; name = Base; path = Base.lproj/LaunchScreen.storyboard; sourceTree = "<group>"; };
		89C665861DF48F080013D2B6 /* Info.plist */ = {isa = PBXFileReference; lastKnownFileType = text.plist.xml; path = Info.plist; sourceTree = "<group>"; };
		89C6658C1DF4945F0013D2B6 /* TTSegmentedControl.swift */ = {isa = PBXFileReference; fileEncoding = 4; lastKnownFileType = sourcecode.swift; path = TTSegmentedControl.swift; sourceTree = "<group>"; };
		89C6658E1DF4B44B0013D2B6 /* SettingsViewController.swift */ = {isa = PBXFileReference; fileEncoding = 4; lastKnownFileType = sourcecode.swift; path = SettingsViewController.swift; sourceTree = "<group>"; };
		AB15FA5DDA00AD68E6BFEDDA /* Pods-Tip Calculator.release.xcconfig */ = {isa = PBXFileReference; includeInIndex = 1; lastKnownFileType = text.xcconfig; name = "Pods-Tip Calculator.release.xcconfig"; path = "Pods/Target Support Files/Pods-Tip Calculator/Pods-Tip Calculator.release.xcconfig"; sourceTree = "<group>"; };
		E85CA3BCE38F57697D1D2208 /* Pods-Tip Calculator.debug.xcconfig */ = {isa = PBXFileReference; includeInIndex = 1; lastKnownFileType = text.xcconfig; name = "Pods-Tip Calculator.debug.xcconfig"; path = "Pods/Target Support Files/Pods-Tip Calculator/Pods-Tip Calculator.debug.xcconfig"; sourceTree = "<group>"; };
/* End PBXFileReference section */

/* Begin PBXFrameworksBuildPhase section */
		89C665711DF48F080013D2B6 /* Frameworks */ = {
			isa = PBXFrameworksBuildPhase;
			buildActionMask = 2147483647;
			files = (
				3329DB0D9D9D1A11CF4A94AD /* Pods_Tip_Calculator.framework in Frameworks */,
			);
			runOnlyForDeploymentPostprocessing = 0;
		};
/* End PBXFrameworksBuildPhase section */

/* Begin PBXGroup section */
		4E19136DE9F83CC7F34A8443 /* Frameworks */ = {
			isa = PBXGroup;
			children = (
				57D30B00E93B4722A4B34F4D /* Pods_Tip_Calculator.framework */,
			);
			name = Frameworks;
			sourceTree = "<group>";
		};
		5C15BA9198791B3D491DC62B /* Pods */ = {
			isa = PBXGroup;
			children = (
				E85CA3BCE38F57697D1D2208 /* Pods-Tip Calculator.debug.xcconfig */,
				AB15FA5DDA00AD68E6BFEDDA /* Pods-Tip Calculator.release.xcconfig */,
			);
			name = Pods;
			sourceTree = "<group>";
		};
		89C6656B1DF48F080013D2B6 = {
			isa = PBXGroup;
			children = (
				89C665761DF48F080013D2B6 /* Tip Calculator */,
				89C665751DF48F080013D2B6 /* Products */,
				5C15BA9198791B3D491DC62B /* Pods */,
				4E19136DE9F83CC7F34A8443 /* Frameworks */,
			);
			sourceTree = "<group>";
		};
		89C665751DF48F080013D2B6 /* Products */ = {
			isa = PBXGroup;
			children = (
				89C665741DF48F080013D2B6 /* Tip Calculator.app */,
			);
			name = Products;
			sourceTree = "<group>";
		};
		89C665761DF48F080013D2B6 /* Tip Calculator */ = {
			isa = PBXGroup;
			children = (
				89C6658C1DF4945F0013D2B6 /* TTSegmentedControl.swift */,
				89C665771DF48F080013D2B6 /* AppDelegate.swift */,
				89C665791DF48F080013D2B6 /* ViewController.swift */,
				89C6657B1DF48F080013D2B6 /* Main.storyboard */,
				89C665811DF48F080013D2B6 /* Assets.xcassets */,
				89C665831DF48F080013D2B6 /* LaunchScreen.storyboard */,
				89C665861DF48F080013D2B6 /* Info.plist */,
				89C6657E1DF48F080013D2B6 /* Tip_Calculator.xcdatamodeld */,
				89C6658E1DF4B44B0013D2B6 /* SettingsViewController.swift */,
			);
			path = "Tip Calculator";
			sourceTree = "<group>";
		};
/* End PBXGroup section */

/* Begin PBXNativeTarget section */
		89C665731DF48F080013D2B6 /* Tip Calculator */ = {
			isa = PBXNativeTarget;
			buildConfigurationList = 89C665891DF48F080013D2B6 /* Build configuration list for PBXNativeTarget "Tip Calculator" */;
			buildPhases = (
				E94252A827C2C7C8C53096B3 /* [CP] Check Pods Manifest.lock */,
				89C665701DF48F080013D2B6 /* Sources */,
				89C665711DF48F080013D2B6 /* Frameworks */,
				89C665721DF48F080013D2B6 /* Resources */,
				99C5C83A29A4386629F5C6A1 /* [CP] Embed Pods Frameworks */,
				EDDD615AC5F2D0EC21CE0C6D /* [CP] Copy Pods Resources */,
			);
			buildRules = (
			);
			dependencies = (
			);
			name = "Tip Calculator";
			productName = "Tip Calculator";
			productReference = 89C665741DF48F080013D2B6 /* Tip Calculator.app */;
			productType = "com.apple.product-type.application";
		};
/* End PBXNativeTarget section */

/* Begin PBXProject section */
		89C6656C1DF48F080013D2B6 /* Project object */ = {
			isa = PBXProject;
			attributes = {
				LastSwiftUpdateCheck = 0810;
				LastUpgradeCheck = 0810;
				ORGANIZATIONNAME = "Aditya Dhingra";
				TargetAttributes = {
					89C665731DF48F080013D2B6 = {
						CreatedOnToolsVersion = 8.1;
						DevelopmentTeam = WD5637H5AA;
						ProvisioningStyle = Automatic;
					};
				};
			};
			buildConfigurationList = 89C6656F1DF48F080013D2B6 /* Build configuration list for PBXProject "Tip Calculator" */;
			compatibilityVersion = "Xcode 3.2";
			developmentRegion = English;
			hasScannedForEncodings = 0;
			knownRegions = (
				en,
				Base,
			);
			mainGroup = 89C6656B1DF48F080013D2B6;
			productRefGroup = 89C665751DF48F080013D2B6 /* Products */;
			projectDirPath = "";
			projectRoot = "";
			targets = (
				89C665731DF48F080013D2B6 /* Tip Calculator */,
			);
		};
/* End PBXProject section */

/* Begin PBXResourcesBuildPhase section */
		89C665721DF48F080013D2B6 /* Resources */ = {
			isa = PBXResourcesBuildPhase;
			buildActionMask = 2147483647;
			files = (
				89C665851DF48F080013D2B6 /* LaunchScreen.storyboard in Resources */,
				89C665821DF48F080013D2B6 /* Assets.xcassets in Resources */,
				89C6657D1DF48F080013D2B6 /* Main.storyboard in Resources */,
			);
			runOnlyForDeploymentPostprocessing = 0;
		};
/* End PBXResourcesBuildPhase section */

/* Begin PBXShellScriptBuildPhase section */
		99C5C83A29A4386629F5C6A1 /* [CP] Embed Pods Frameworks */ = {
			isa = PBXShellScriptBuildPhase;
			buildActionMask = 2147483647;
			files = (
			);
			inputPaths = (
			);
			name = "[CP] Embed Pods Frameworks";
			outputPaths = (
			);
			runOnlyForDeploymentPostprocessing = 0;
			shellPath = /bin/sh;
			shellScript = "\"${SRCROOT}/Pods/Target Support Files/Pods-Tip Calculator/Pods-Tip Calculator-frameworks.sh\"\n";
			showEnvVarsInLog = 0;
		};
		E94252A827C2C7C8C53096B3 /* [CP] Check Pods Manifest.lock */ = {
			isa = PBXShellScriptBuildPhase;
			buildActionMask = 2147483647;
			files = (
			);
			inputPaths = (
			);
			name = "[CP] Check Pods Manifest.lock";
			outputPaths = (
			);
			runOnlyForDeploymentPostprocessing = 0;
			shellPath = /bin/sh;
			shellScript = "diff \"${PODS_ROOT}/../Podfile.lock\" \"${PODS_ROOT}/Manifest.lock\" > /dev/null\nif [[ $? != 0 ]] ; then\n    cat << EOM\nerror: The sandbox is not in sync with the Podfile.lock. Run 'pod install' or update your CocoaPods installation.\nEOM\n    exit 1\nfi\n";
			showEnvVarsInLog = 0;
		};
		EDDD615AC5F2D0EC21CE0C6D /* [CP] Copy Pods Resources */ = {
			isa = PBXShellScriptBuildPhase;
			buildActionMask = 2147483647;
			files = (
			);
			inputPaths = (
			);
			name = "[CP] Copy Pods Resources";
			outputPaths = (
			);
			runOnlyForDeploymentPostprocessing = 0;
			shellPath = /bin/sh;
			shellScript = "\"${SRCROOT}/Pods/Target Support Files/Pods-Tip Calculator/Pods-Tip Calculator-resources.sh\"\n";
			showEnvVarsInLog = 0;
		};
/* End PBXShellScriptBuildPhase section */

/* Begin PBXSourcesBuildPhase section */
		89C665701DF48F080013D2B6 /* Sources */ = {
			isa = PBXSourcesBuildPhase;
			buildActionMask = 2147483647;
			files = (
				89C6658D1DF494600013D2B6 /* TTSegmentedControl.swift in Sources */,
				89C6657A1DF48F080013D2B6 /* ViewController.swift in Sources */,
				89C665801DF48F080013D2B6 /* Tip_Calculator.xcdatamodeld in Sources */,
				89C6658F1DF4B44B0013D2B6 /* SettingsViewController.swift in Sources */,
				89C665781DF48F080013D2B6 /* AppDelegate.swift in Sources */,
			);
			runOnlyForDeploymentPostprocessing = 0;
		};
/* End PBXSourcesBuildPhase section */

/* Begin PBXVariantGroup section */
		89C6657B1DF48F080013D2B6 /* Main.storyboard */ = {
			isa = PBXVariantGroup;
			children = (
				89C6657C1DF48F080013D2B6 /* Base */,
			);
			name = Main.storyboard;
			sourceTree = "<group>";
		};
		89C665831DF48F080013D2B6 /* LaunchScreen.storyboard */ = {
			isa = PBXVariantGroup;
			children = (
				89C665841DF48F080013D2B6 /* Base */,
			);
			name = LaunchScreen.storyboard;
			sourceTree = "<group>";
		};
/* End PBXVariantGroup section */

/* Begin XCBuildConfiguration section */
		89C665871DF48F080013D2B6 /* Debug */ = {
			isa = XCBuildConfiguration;
			buildSettings = {
				ALWAYS_SEARCH_USER_PATHS = NO;
				CLANG_ANALYZER_NONNULL = YES;
				CLANG_CXX_LANGUAGE_STANDARD = "gnu++0x";
				CLANG_CXX_LIBRARY = "libc++";
				CLANG_ENABLE_MODULES = YES;
				CLANG_ENABLE_OBJC_ARC = YES;
				CLANG_WARN_BOOL_CONVERSION = YES;
				CLANG_WARN_CONSTANT_CONVERSION = YES;
				CLANG_WARN_DIRECT_OBJC_ISA_USAGE = YES_ERROR;
				CLANG_WARN_DOCUMENTATION_COMMENTS = YES;
				CLANG_WARN_EMPTY_BODY = YES;
				CLANG_WARN_ENUM_CONVERSION = YES;
				CLANG_WARN_INFINITE_RECURSION = YES;
				CLANG_WARN_INT_CONVERSION = YES;
				CLANG_WARN_OBJC_ROOT_CLASS = YES_ERROR;
				CLANG_WARN_SUSPICIOUS_MOVES = YES;
				CLANG_WARN_UNREACHABLE_CODE = YES;
				CLANG_WARN__DUPLICATE_METHOD_MATCH = YES;
				"CODE_SIGN_IDENTITY[sdk=iphoneos*]" = "iPhone Developer";
				COPY_PHASE_STRIP = NO;
				DEBUG_INFORMATION_FORMAT = dwarf;
				ENABLE_STRICT_OBJC_MSGSEND = YES;
				ENABLE_TESTABILITY = YES;
				GCC_C_LANGUAGE_STANDARD = gnu99;
				GCC_DYNAMIC_NO_PIC = NO;
				GCC_NO_COMMON_BLOCKS = YES;
				GCC_OPTIMIZATION_LEVEL = 0;
				GCC_PREPROCESSOR_DEFINITIONS = (
					"DEBUG=1",
					"$(inherited)",
				);
				GCC_WARN_64_TO_32_BIT_CONVERSION = YES;
				GCC_WARN_ABOUT_RETURN_TYPE = YES_ERROR;
				GCC_WARN_UNDECLARED_SELECTOR = YES;
				GCC_WARN_UNINITIALIZED_AUTOS = YES_AGGRESSIVE;
				GCC_WARN_UNUSED_FUNCTION = YES;
				GCC_WARN_UNUSED_VARIABLE = YES;
				IPHONEOS_DEPLOYMENT_TARGET = 10.1;
				MTL_ENABLE_DEBUG_INFO = YES;
				ONLY_ACTIVE_ARCH = YES;
				SDKROOT = iphoneos;
				SWIFT_ACTIVE_COMPILATION_CONDITIONS = DEBUG;
				SWIFT_OPTIMIZATION_LEVEL = "-Onone";
			};
			name = Debug;
		};
		89C665881DF48F080013D2B6 /* Release */ = {
			isa = XCBuildConfiguration;
			buildSettings = {
				ALWAYS_SEARCH_USER_PATHS = NO;
				CLANG_ANALYZER_NONNULL = YES;
				CLANG_CXX_LANGUAGE_STANDARD = "gnu++0x";
				CLANG_CXX_LIBRARY = "libc++";
				CLANG_ENABLE_MODULES = YES;
				CLANG_ENABLE_OBJC_ARC = YES;
				CLANG_WARN_BOOL_CONVERSION = YES;
				CLANG_WARN_CONSTANT_CONVERSION = YES;
				CLANG_WARN_DIRECT_OBJC_ISA_USAGE = YES_ERROR;
				CLANG_WARN_DOCUMENTATION_COMMENTS = YES;
				CLANG_WARN_EMPTY_BODY = YES;
				CLANG_WARN_ENUM_CONVERSION = YES;
				CLANG_WARN_INFINITE_RECURSION = YES;
				CLANG_WARN_INT_CONVERSION = YES;
				CLANG_WARN_OBJC_ROOT_CLASS = YES_ERROR;
				CLANG_WARN_SUSPICIOUS_MOVES = YES;
				CLANG_WARN_UNREACHABLE_CODE = YES;
				CLANG_WARN__DUPLICATE_METHOD_MATCH = YES;
				"CODE_SIGN_IDENTITY[sdk=iphoneos*]" = "iPhone Developer";
				COPY_PHASE_STRIP = NO;
				DEBUG_INFORMATION_FORMAT = "dwarf-with-dsym";
				ENABLE_NS_ASSERTIONS = NO;
				ENABLE_STRICT_OBJC_MSGSEND = YES;
				GCC_C_LANGUAGE_STANDARD = gnu99;
				GCC_NO_COMMON_BLOCKS = YES;
				GCC_WARN_64_TO_32_BIT_CONVERSION = YES;
				GCC_WARN_ABOUT_RETURN_TYPE = YES_ERROR;
				GCC_WARN_UNDECLARED_SELECTOR = YES;
				GCC_WARN_UNINITIALIZED_AUTOS = YES_AGGRESSIVE;
				GCC_WARN_UNUSED_FUNCTION = YES;
				GCC_WARN_UNUSED_VARIABLE = YES;
				IPHONEOS_DEPLOYMENT_TARGET = 10.1;
				MTL_ENABLE_DEBUG_INFO = NO;
				SDKROOT = iphoneos;
				SWIFT_OPTIMIZATION_LEVEL = "-Owholemodule";
				VALIDATE_PRODUCT = YES;
			};
			name = Release;
		};
		89C6658A1DF48F080013D2B6 /* Debug */ = {
			isa = XCBuildConfiguration;
			baseConfigurationReference = E85CA3BCE38F57697D1D2208 /* Pods-Tip Calculator.debug.xcconfig */;
			buildSettings = {
				ASSETCATALOG_COMPILER_APPICON_NAME = AppIcon;
				DEVELOPMENT_TEAM = WD5637H5AA;
				INFOPLIST_FILE = "Tip Calculator/Info.plist";
				LD_RUNPATH_SEARCH_PATHS = "$(inherited) @executable_path/Frameworks";
				PRODUCT_BUNDLE_IDENTIFIER = "adityadhingra.co.Tip-Calculator";
				PRODUCT_NAME = "$(TARGET_NAME)";
				SWIFT_VERSION = 3.0;
			};
			name = Debug;
		};
		89C6658B1DF48F080013D2B6 /* Release */ = {
			isa = XCBuildConfiguration;
			baseConfigurationReference = AB15FA5DDA00AD68E6BFEDDA /* Pods-Tip Calculator.release.xcconfig */;
			buildSettings = {
				ASSETCATALOG_COMPILER_APPICON_NAME = AppIcon;
				DEVELOPMENT_TEAM = WD5637H5AA;
				INFOPLIST_FILE = "Tip Calculator/Info.plist";
				LD_RUNPATH_SEARCH_PATHS = "$(inherited) @executable_path/Frameworks";
				PRODUCT_BUNDLE_IDENTIFIER = "adityadhingra.co.Tip-Calculator";
				PRODUCT_NAME = "$(TARGET_NAME)";
				SWIFT_VERSION = 3.0;
			};
			name = Release;
		};
/* End XCBuildConfiguration section */

/* Begin XCConfigurationList section */
		89C6656F1DF48F080013D2B6 /* Build configuration list for PBXProject "Tip Calculator" */ = {
			isa = XCConfigurationList;
			buildConfigurations = (
				89C665871DF48F080013D2B6 /* Debug */,
				89C665881DF48F080013D2B6 /* Release */,
			);
			defaultConfigurationIsVisible = 0;
			defaultConfigurationName = Release;
		};
		89C665891DF48F080013D2B6 /* Build configuration list for PBXNativeTarget "Tip Calculator" */ = {
			isa = XCConfigurationList;
			buildConfigurations = (
				89C6658A1DF48F080013D2B6 /* Debug */,
				89C6658B1DF48F080013D2B6 /* Release */,
			);
			defaultConfigurationIsVisible = 0;
			defaultConfigurationName = Release;
		};
/* End XCConfigurationList section */

/* Begin XCVersionGroup section */
		89C6657E1DF48F080013D2B6 /* Tip_Calculator.xcdatamodeld */ = {
			isa = XCVersionGroup;
			children = (
				89C6657F1DF48F080013D2B6 /* Tip_Calculator.xcdatamodel */,
			);
			currentVersion = 89C6657F1DF48F080013D2B6 /* Tip_Calculator.xcdatamodel */;
			path = Tip_Calculator.xcdatamodeld;
			sourceTree = "<group>";
			versionGroupType = wrapper.xcdatamodel;
		};
/* End XCVersionGroup section */
	};
	rootObject = 89C6656C1DF48F080013D2B6 /* Project object */;
}
